Microsoft Visual Studio Solution File, Format Version 7.00
Project("{8BC9CEB8-8B4A-11D0-8D11-00A0C91BC942}") = "vorbisenc_static", "vorbisenc_static.vcproj", "{6752EFD4-EDF8-4D27-AFC0-2678A0239FEF}"
EndProject
Global
	GlobalSection(SolutionConfiguration) = preSolution
		ConfigName.0 = Debug
		ConfigName.1 = Release
	EndGlobalSection
	GlobalSection(ProjectDependencies) = postSolution
	EndGlobalSection
	GlobalSection(ProjectConfiguration) = postSolution
		{6752EFD4-EDF8-4D27-AFC0-2678A0239FEF}.Debug.ActiveCfg = Debug|Win32
		{6752EFD4-EDF8-4D27-AFC0-2678A0239FEF}.Debug.Build.0 = Debug|Win32
		{6752EFD4-EDF8-4D27-AFC0-2678A0239FEF}.Release.ActiveCfg = Release|Win32
		{6752EFD4-EDF8-4D27-AFC0-2678A0239FEF}.Release.Build.0 = Release|Win32
	EndGlobalSection
	GlobalSection(ExtensibilityGlobals) = postSolution
	EndGlobalSection
	GlobalSection(ExtensibilityAddIns) = postSolution
	EndGlobalSection
EndGlobal
